
Microsoft Visual Studio Solution File, Format Version 12.00
# Visual Studio Version 17
VisualStudioVersion = 17.4.33213.308
MinimumVisualStudioVersion = 10.0.40219.1
Project("{FAE04EC0-301F-11D3-BF4B-00C04F79EFBC}") = "Casting", "Casting\Casting.csproj", "{EA09AC9C-0BC1-4471-8471-20EE254D7C60}"
EndProject
Project("{FAE04EC0-301F-11D3-BF4B-00C04F79EFBC}") = "MoreVariablesAndPrinting", "MoreVariablesAndPrinting\MoreVariablesAndPrinting.csproj", "{01BAAA3E-5406-4CDB-B03C-1C3222FBA20C}"
EndProject
Project("{FAE04EC0-301F-11D3-BF4B-00C04F79EFBC}") = "SadFor", "SadFor\SadFor.csproj", "{357F7727-F6D3-4CF3-A2BB-72AC6F6A28D0}"
EndProject
Project("{FAE04EC0-301F-11D3-BF4B-00C04F79EFBC}") = "VariablesAndNames", "VariablesAndNames\VariablesAndNames.csproj", "{38CD71E6-6995-4D0D-A781-B4202B40BFB1}"
EndProject
Project("{FAE04EC0-301F-11D3-BF4B-00C04F79EFBC}") = "Exercise8", "Exercise8\Exercise8.csproj", "{8E13B6C6-BD72-406F-83C1-E5BFB5E938B1}"
EndProject
Project("{FAE04EC0-301F-11D3-BF4B-00C04F79EFBC}") = "Exercise5", "Exercise5\Exercise5.csproj", "{56860EE8-5B94-42F1-9B2F-B483B20CE0ED}"
EndProject
Project("{FAE04EC0-301F-11D3-BF4B-00C04F79EFBC}") = "Exercise6", "Exercise6\Exercise6.csproj", "{8CA9C0F0-AA1A-4465-B425-DDA403EC20A2}"
EndProject
Project("{FAE04EC0-301F-11D3-BF4B-00C04F79EFBC}") = "Exercise7", "Exercise7\Exercise7.csproj", "{F0BED197-FEAC-43C4-82D7-47C7D8E08503}"
EndProject
Project("{FAE04EC0-301F-11D3-BF4B-00C04F79EFBC}") = "Exercise9", "Exercise9\Exercise9.csproj", "{3849D3B1-CE3E-4A6B-A9E3-93B7EC5185CC}"
EndProject
Project("{FAE04EC0-301F-11D3-BF4B-00C04F79EFBC}") = "Exercise4", "Exercise4\Exercise4.csproj", "{DC45C1F1-4F81-445E-8904-9C4070A68C53}"
EndProject
Global
	GlobalSection(SolutionConfigurationPlatforms) = preSolution
		Debug|Any CPU = Debug|Any CPU
		Release|Any CPU = Release|Any CPU
	EndGlobalSection
	GlobalSection(ProjectConfigurationPlatforms) = postSolution
		{EA09AC9C-0BC1-4471-8471-20EE254D7C60}.Debug|Any CPU.ActiveCfg = Debug|Any CPU
		{EA09AC9C-0BC1-4471-8471-20EE254D7C60}.Debug|Any CPU.Build.0 = Debug|Any CPU
		{EA09AC9C-0BC1-4471-8471-20EE254D7C60}.Release|Any CPU.ActiveCfg = Release|Any CPU
		{EA09AC9C-0BC1-4471-8471-20EE254D7C60}.Release|Any CPU.Build.0 = Release|Any CPU
		{01BAAA3E-5406-4CDB-B03C-1C3222FBA20C}.Debug|Any CPU.ActiveCfg = Debug|Any CPU
		{01BAAA3E-5406-4CDB-B03C-1C3222FBA20C}.Debug|Any CPU.Build.0 = Debug|Any CPU
		{01BAAA3E-5406-4CDB-B03C-1C3222FBA20C}.Release|Any CPU.ActiveCfg = Release|Any CPU
		{01BAAA3E-5406-4CDB-B03C-1C3222FBA20C}.Release|Any CPU.Build.0 = Release|Any CPU
		{357F7727-F6D3-4CF3-A2BB-72AC6F6A28D0}.Debug|Any CPU.ActiveCfg = Debug|Any CPU
		{357F7727-F6D3-4CF3-A2BB-72AC6F6A28D0}.Debug|Any CPU.Build.0 = Debug|Any CPU
		{357F7727-F6D3-4CF3-A2BB-72AC6F6A28D0}.Release|Any CPU.ActiveCfg = Release|Any CPU
		{357F7727-F6D3-4CF3-A2BB-72AC6F6A28D0}.Release|Any CPU.Build.0 = Release|Any CPU
		{38CD71E6-6995-4D0D-A781-B4202B40BFB1}.Debug|Any CPU.ActiveCfg = Debug|Any CPU
		{38CD71E6-6995-4D0D-A781-B4202B40BFB1}.Debug|Any CPU.Build.0 = Debug|Any CPU
		{38CD71E6-6995-4D0D-A781-B4202B40BFB1}.Release|Any CPU.ActiveCfg = Release|Any CPU
		{38CD71E6-6995-4D0D-A781-B4202B40BFB1}.Release|Any CPU.Build.0 = Release|Any CPU
		{8E13B6C6-BD72-406F-83C1-E5BFB5E938B1}.Debug|Any CPU.ActiveCfg = Debug|Any CPU
		{8E13B6C6-BD72-406F-83C1-E5BFB5E938B1}.Debug|Any CPU.Build.0 = Debug|Any CPU
		{8E13B6C6-BD72-406F-83C1-E5BFB5E938B1}.Release|Any CPU.ActiveCfg = Release|Any CPU
		{8E13B6C6-BD72-406F-83C1-E5BFB5E938B1}.Release|Any CPU.Build.0 = Release|Any CPU
		{56860EE8-5B94-42F1-9B2F-B483B20CE0ED}.Debug|Any CPU.ActiveCfg = Debug|Any CPU
		{56860EE8-5B94-42F1-9B2F-B483B20CE0ED}.Debug|Any CPU.Build.0 = Debug|Any CPU
		{56860EE8-5B94-42F1-9B2F-B483B20CE0ED}.Release|Any CPU.ActiveCfg = Release|Any CPU
		{56860EE8-5B94-42F1-9B2F-B483B20CE0ED}.Release|Any CPU.Build.0 = Release|Any CPU
		{8CA9C0F0-AA1A-4465-B425-DDA403EC20A2}.Debug|Any CPU.ActiveCfg = Debug|Any CPU
		{8CA9C0F0-AA1A-4465-B425-DDA403EC20A2}.Debug|Any CPU.Build.0 = Debug|Any CPU
		{8CA9C0F0-AA1A-4465-B425-DDA403EC20A2}.Release|Any CPU.ActiveCfg = Release|Any CPU
		{8CA9C0F0-AA1A-4465-B425-DDA403EC20A2}.Release|Any CPU.Build.0 = Release|Any CPU
		{F0BED197-FEAC-43C4-82D7-47C7D8E08503}.Debug|Any CPU.ActiveCfg = Debug|Any CPU
		{F0BED197-FEAC-43C4-82D7-47C7D8E08503}.Debug|Any CPU.Build.0 = Debug|Any CPU
		{F0BED197-FEAC-43C4-82D7-47C7D8E08503}.Release|Any CPU.ActiveCfg = Release|Any CPU
		{F0BED197-FEAC-43C4-82D7-47C7D8E08503}.Release|Any CPU.Build.0 = Release|Any CPU
		{3849D3B1-CE3E-4A6B-A9E3-93B7EC5185CC}.Debug|Any CPU.ActiveCfg = Debug|Any CPU
		{3849D3B1-CE3E-4A6B-A9E3-93B7EC5185CC}.Debug|Any CPU.Build.0 = Debug|Any CPU
		{3849D3B1-CE3E-4A6B-A9E3-93B7EC5185CC}.Release|Any CPU.ActiveCfg = Release|Any CPU
		{3849D3B1-CE3E-4A6B-A9E3-93B7EC5185CC}.Release|Any CPU.Build.0 = Release|Any CPU
		{DC45C1F1-4F81-445E-8904-9C4070A68C53}.Debug|Any CPU.ActiveCfg = Debug|Any CPU
		{DC45C1F1-4F81-445E-8904-9C4070A68C53}.Debug|Any CPU.Build.0 = Debug|Any CPU
		{DC45C1F1-4F81-445E-8904-9C4070A68C53}.Release|Any CPU.ActiveCfg = Release|Any CPU
		{DC45C1F1-4F81-445E-8904-9C4070A68C53}.Release|Any CPU.Build.0 = Release|Any CPU
	EndGlobalSection
	GlobalSection(SolutionProperties) = preSolution
		HideSolutionNode = FALSE
	EndGlobalSection
	GlobalSection(ExtensibilityGlobals) = postSolution
		SolutionGuid = {2843F384-9F8E-4D08-934F-B863FC7F989B}
	EndGlobalSection
EndGlobal
