
Microsoft Visual Studio Solution File, Format Version 12.00
# Visual Studio Version 17
VisualStudioVersion = 17.0.31903.59
MinimumVisualStudioVersion = 10.0.40219.1
Project("{FAE04EC0-301F-11D3-BF4B-00C04F79EFBC}") = "Account", "Account\Account.csproj", "{A78CD5DF-1FF9-4A14-A78F-7AED668C98A4}"
EndProject
Project("{FAE04EC0-301F-11D3-BF4B-00C04F79EFBC}") = "BankAccount", "BankAccount\BankAccount.csproj", "{4A462DDE-D798-4818-BB68-2116834B0035}"
EndProject
Project("{FAE04EC0-301F-11D3-BF4B-00C04F79EFBC}") = "EnergyDrinks", "EnergyDrinks\EnergyDrinks.csproj", "{7FCC007C-DD8E-40D3-9080-690E3A5BCACE}"
EndProject
Project("{FAE04EC0-301F-11D3-BF4B-00C04F79EFBC}") = "FuelConsumptionCalculator", "FuelConsumptionCalculator\FuelConsumptionCalculator.csproj", "{8CFA0561-C4D0-4419-AC65-C90E0AF2C6FC}"
EndProject
Project("{FAE04EC0-301F-11D3-BF4B-00C04F79EFBC}") = "VideoStore", "VideoStore\VideoStore.csproj", "{40352489-4287-4C39-879A-55BB1A9ED983}"
EndProject
Project("{FAE04EC0-301F-11D3-BF4B-00C04F79EFBC}") = "Exercise1", "Exercise1\Exercise1.csproj", "{5B0245CE-BE70-444C-AEDE-3DB1C85FDFE9}"
EndProject
Project("{FAE04EC0-301F-11D3-BF4B-00C04F79EFBC}") = "Exercise3", "Exercise3\Exercise3.csproj", "{D47C20BF-E170-4494-9A73-C26A6480984E}"
EndProject
Project("{FAE04EC0-301F-11D3-BF4B-00C04F79EFBC}") = "Exercise4", "Exercise4\Exercise4.csproj", "{DE6E245A-3C47-4814-926E-424417A582CB}"
EndProject
Project("{FAE04EC0-301F-11D3-BF4B-00C04F79EFBC}") = "Exercise6", "Exercise6\Exercise6.csproj", "{32E46833-0B6F-4320-8B7A-4037371674CA}"
EndProject
Project("{FAE04EC0-301F-11D3-BF4B-00C04F79EFBC}") = "Exercise7", "Exercise7\Exercise7.csproj", "{CEE94885-6F54-484B-B94A-30850D50FA4B}"
EndProject
Project("{FAE04EC0-301F-11D3-BF4B-00C04F79EFBC}") = "Exercise8", "Exercise8\Exercise8.csproj", "{4FA16B11-AE06-4C93-AD10-88765305F09C}"
EndProject
Project("{FAE04EC0-301F-11D3-BF4B-00C04F79EFBC}") = "Exercise12", "Exercise12\Exercise12.csproj", "{95BFD9C7-1FD7-4CD3-961C-538F6CA51145}"
EndProject
Project("{FAE04EC0-301F-11D3-BF4B-00C04F79EFBC}") = "Exercise13", "Exercise13\Exercise13.csproj", "{841CA989-65C9-44E6-90C7-D963FA3C0B8D}"
EndProject
Project("{FAE04EC0-301F-11D3-BF4B-00C04F79EFBC}") = "Exercise14", "Exercise14\Exercise14.csproj", "{6F6F458E-26CD-4535-902E-6DBA1CB87A29}"
EndProject
Global
	GlobalSection(SolutionConfigurationPlatforms) = preSolution
		Debug|Any CPU = Debug|Any CPU
		Release|Any CPU = Release|Any CPU
	EndGlobalSection
	GlobalSection(ProjectConfigurationPlatforms) = postSolution
		{A78CD5DF-1FF9-4A14-A78F-7AED668C98A4}.Debug|Any CPU.ActiveCfg = Debug|Any CPU
		{A78CD5DF-1FF9-4A14-A78F-7AED668C98A4}.Debug|Any CPU.Build.0 = Debug|Any CPU
		{A78CD5DF-1FF9-4A14-A78F-7AED668C98A4}.Release|Any CPU.ActiveCfg = Release|Any CPU
		{A78CD5DF-1FF9-4A14-A78F-7AED668C98A4}.Release|Any CPU.Build.0 = Release|Any CPU
		{4A462DDE-D798-4818-BB68-2116834B0035}.Debug|Any CPU.ActiveCfg = Debug|Any CPU
		{4A462DDE-D798-4818-BB68-2116834B0035}.Debug|Any CPU.Build.0 = Debug|Any CPU
		{4A462DDE-D798-4818-BB68-2116834B0035}.Release|Any CPU.ActiveCfg = Release|Any CPU
		{4A462DDE-D798-4818-BB68-2116834B0035}.Release|Any CPU.Build.0 = Release|Any CPU
		{7FCC007C-DD8E-40D3-9080-690E3A5BCACE}.Debug|Any CPU.ActiveCfg = Debug|Any CPU
		{7FCC007C-DD8E-40D3-9080-690E3A5BCACE}.Debug|Any CPU.Build.0 = Debug|Any CPU
		{7FCC007C-DD8E-40D3-9080-690E3A5BCACE}.Release|Any CPU.ActiveCfg = Release|Any CPU
		{7FCC007C-DD8E-40D3-9080-690E3A5BCACE}.Release|Any CPU.Build.0 = Release|Any CPU
		{8CFA0561-C4D0-4419-AC65-C90E0AF2C6FC}.Debug|Any CPU.ActiveCfg = Debug|Any CPU
		{8CFA0561-C4D0-4419-AC65-C90E0AF2C6FC}.Debug|Any CPU.Build.0 = Debug|Any CPU
		{8CFA0561-C4D0-4419-AC65-C90E0AF2C6FC}.Release|Any CPU.ActiveCfg = Release|Any CPU
		{8CFA0561-C4D0-4419-AC65-C90E0AF2C6FC}.Release|Any CPU.Build.0 = Release|Any CPU
		{40352489-4287-4C39-879A-55BB1A9ED983}.Debug|Any CPU.ActiveCfg = Debug|Any CPU
		{40352489-4287-4C39-879A-55BB1A9ED983}.Debug|Any CPU.Build.0 = Debug|Any CPU
		{40352489-4287-4C39-879A-55BB1A9ED983}.Release|Any CPU.ActiveCfg = Release|Any CPU
		{40352489-4287-4C39-879A-55BB1A9ED983}.Release|Any CPU.Build.0 = Release|Any CPU
		{5B0245CE-BE70-444C-AEDE-3DB1C85FDFE9}.Debug|Any CPU.ActiveCfg = Debug|Any CPU
		{5B0245CE-BE70-444C-AEDE-3DB1C85FDFE9}.Debug|Any CPU.Build.0 = Debug|Any CPU
		{5B0245CE-BE70-444C-AEDE-3DB1C85FDFE9}.Release|Any CPU.ActiveCfg = Release|Any CPU
		{5B0245CE-BE70-444C-AEDE-3DB1C85FDFE9}.Release|Any CPU.Build.0 = Release|Any CPU
		{D47C20BF-E170-4494-9A73-C26A6480984E}.Debug|Any CPU.ActiveCfg = Debug|Any CPU
		{D47C20BF-E170-4494-9A73-C26A6480984E}.Debug|Any CPU.Build.0 = Debug|Any CPU
		{D47C20BF-E170-4494-9A73-C26A6480984E}.Release|Any CPU.ActiveCfg = Release|Any CPU
		{D47C20BF-E170-4494-9A73-C26A6480984E}.Release|Any CPU.Build.0 = Release|Any CPU
		{DE6E245A-3C47-4814-926E-424417A582CB}.Debug|Any CPU.ActiveCfg = Debug|Any CPU
		{DE6E245A-3C47-4814-926E-424417A582CB}.Debug|Any CPU.Build.0 = Debug|Any CPU
		{DE6E245A-3C47-4814-926E-424417A582CB}.Release|Any CPU.ActiveCfg = Release|Any CPU
		{DE6E245A-3C47-4814-926E-424417A582CB}.Release|Any CPU.Build.0 = Release|Any CPU
		{32E46833-0B6F-4320-8B7A-4037371674CA}.Debug|Any CPU.ActiveCfg = Debug|Any CPU
		{32E46833-0B6F-4320-8B7A-4037371674CA}.Debug|Any CPU.Build.0 = Debug|Any CPU
		{32E46833-0B6F-4320-8B7A-4037371674CA}.Release|Any CPU.ActiveCfg = Release|Any CPU
		{32E46833-0B6F-4320-8B7A-4037371674CA}.Release|Any CPU.Build.0 = Release|Any CPU
		{CEE94885-6F54-484B-B94A-30850D50FA4B}.Debug|Any CPU.ActiveCfg = Debug|Any CPU
		{CEE94885-6F54-484B-B94A-30850D50FA4B}.Debug|Any CPU.Build.0 = Debug|Any CPU
		{CEE94885-6F54-484B-B94A-30850D50FA4B}.Release|Any CPU.ActiveCfg = Release|Any CPU
		{CEE94885-6F54-484B-B94A-30850D50FA4B}.Release|Any CPU.Build.0 = Release|Any CPU
		{4FA16B11-AE06-4C93-AD10-88765305F09C}.Debug|Any CPU.ActiveCfg = Debug|Any CPU
		{4FA16B11-AE06-4C93-AD10-88765305F09C}.Debug|Any CPU.Build.0 = Debug|Any CPU
		{4FA16B11-AE06-4C93-AD10-88765305F09C}.Release|Any CPU.ActiveCfg = Release|Any CPU
		{4FA16B11-AE06-4C93-AD10-88765305F09C}.Release|Any CPU.Build.0 = Release|Any CPU
		{95BFD9C7-1FD7-4CD3-961C-538F6CA51145}.Debug|Any CPU.ActiveCfg = Debug|Any CPU
		{95BFD9C7-1FD7-4CD3-961C-538F6CA51145}.Debug|Any CPU.Build.0 = Debug|Any CPU
		{95BFD9C7-1FD7-4CD3-961C-538F6CA51145}.Release|Any CPU.ActiveCfg = Release|Any CPU
		{95BFD9C7-1FD7-4CD3-961C-538F6CA51145}.Release|Any CPU.Build.0 = Release|Any CPU
		{841CA989-65C9-44E6-90C7-D963FA3C0B8D}.Debug|Any CPU.ActiveCfg = Debug|Any CPU
		{841CA989-65C9-44E6-90C7-D963FA3C0B8D}.Debug|Any CPU.Build.0 = Debug|Any CPU
		{841CA989-65C9-44E6-90C7-D963FA3C0B8D}.Release|Any CPU.ActiveCfg = Release|Any CPU
		{841CA989-65C9-44E6-90C7-D963FA3C0B8D}.Release|Any CPU.Build.0 = Release|Any CPU
		{6F6F458E-26CD-4535-902E-6DBA1CB87A29}.Debug|Any CPU.ActiveCfg = Debug|Any CPU
		{6F6F458E-26CD-4535-902E-6DBA1CB87A29}.Debug|Any CPU.Build.0 = Debug|Any CPU
		{6F6F458E-26CD-4535-902E-6DBA1CB87A29}.Release|Any CPU.ActiveCfg = Release|Any CPU
		{6F6F458E-26CD-4535-902E-6DBA1CB87A29}.Release|Any CPU.Build.0 = Release|Any CPU
	EndGlobalSection
	GlobalSection(SolutionProperties) = preSolution
		HideSolutionNode = FALSE
	EndGlobalSection
	GlobalSection(ExtensibilityGlobals) = postSolution
		SolutionGuid = {57C5E787-AAEA-41CC-BD12-4A66023D0568}
	EndGlobalSection
EndGlobal
